<Solution>
  <Folder Name="/Console/" />
  <Folder Name="/Core/">
    <Project Path="Core/Beskar.CodeAnalytics.Collector/Beskar.CodeAnalytics.Collector.csproj" />
    <Project Path="Core/Beskar.CodeAnalytics.Storage/Beskar.CodeAnalytics.Storage.csproj" />
  </Folder>
  <Folder Name="/Web/" />
</Solution>
