
Microsoft Visual Studio Solution File, Format Version 12.00
# Visual Studio Version 17
VisualStudioVersion = 17.14.36202.13 d17.14
MinimumVisualStudioVersion = 10.0.40219.1
Project("{FAE04EC0-301F-11D3-BF4B-00C04F79EFBC}") = "CodeAnalytics.Engine", "CodeAnalytics.Engine\CodeAnalytics.Engine.csproj", "{C9538077-E88C-4970-8954-F7FA19CB8748}"
EndProject
Global
	GlobalSection(SolutionConfigurationPlatforms) = preSolution
		Debug|Any CPU = Debug|Any CPU
		Release|Any CPU = Release|Any CPU
	EndGlobalSection
	GlobalSection(ProjectConfigurationPlatforms) = postSolution
		{C9538077-E88C-4970-8954-F7FA19CB8748}.Debug|Any CPU.ActiveCfg = Debug|Any CPU
		{C9538077-E88C-4970-8954-F7FA19CB8748}.Debug|Any CPU.Build.0 = Debug|Any CPU
		{C9538077-E88C-4970-8954-F7FA19CB8748}.Release|Any CPU.ActiveCfg = Release|Any CPU
		{C9538077-E88C-4970-8954-F7FA19CB8748}.Release|Any CPU.Build.0 = Release|Any CPU
	EndGlobalSection
	GlobalSection(SolutionProperties) = preSolution
		HideSolutionNode = FALSE
	EndGlobalSection
	GlobalSection(ExtensibilityGlobals) = postSolution
		SolutionGuid = {4543BC71-5F74-4885-B3BB-D0E8ABF4FC5F}
	EndGlobalSection
EndGlobal
